// !$*UTF8*$!
{
	archiveVersion = 1;
	classes = {
	};
	objectVersion = 50;
	objects = {

/* Begin PBXBuildFile section */
		95B6EB5A25E576200051AEA9 /* searchApp.swift in Sources */ = {isa = PBXBuildFile; fileRef = 95B6EB5925E576200051AEA9 /* searchApp.swift */; };
		95B6EB5C25E576200051AEA9 /* ContentView.swift in Sources */ = {isa = PBXBuildFile; fileRef = 95B6EB5B25E576200051AEA9 /* ContentView.swift */; };
		95B6EB5E25E576220051AEA9 /* Assets.xcassets in Resources */ = {isa = PBXBuildFile; fileRef = 95B6EB5D25E576220051AEA9 /* Assets.xcassets */; };
		95B6EB6125E576220051AEA9 /* Preview Assets.xcassets in Resources */ = {isa = PBXBuildFile; fileRef = 95B6EB6025E576220051AEA9 /* Preview Assets.xcassets */; };
		95B6EB6A25E58B4E0051AEA9 /* Model.swift in Sources */ = {isa = PBXBuildFile; fileRef = 95B6EB6925E58B4E0051AEA9 /* Model.swift */; };
		95B6EB6D25E5FE810051AEA9 /* ApiClient.swift in Sources */ = {isa = PBXBuildFile; fileRef = 95B6EB6C25E5FE810051AEA9 /* ApiClient.swift */; };
		95B6EB7025E5FFB40051AEA9 /* SearchAPI.swift in Sources */ = {isa = PBXBuildFile; fileRef = 95B6EB6F25E5FFB40051AEA9 /* SearchAPI.swift */; };
		95B6EB7525E6DA070051AEA9 /* ViewModel.swift in Sources */ = {isa = PBXBuildFile; fileRef = 95B6EB7425E6DA070051AEA9 /* ViewModel.swift */; };
		95B6EBA825E7CE850051AEA9 /* DetailView.swift in Sources */ = {isa = PBXBuildFile; fileRef = 95B6EBA725E7CE850051AEA9 /* DetailView.swift */; };
/* End PBXBuildFile section */

/* Begin PBXFileReference section */
		95B6EB5625E576200051AEA9 /* searchApp.app */ = {isa = PBXFileReference; explicitFileType = wrapper.application; includeInIndex = 0; path = searchApp.app; sourceTree = BUILT_PRODUCTS_DIR; };
		95B6EB5925E576200051AEA9 /* searchApp.swift */ = {isa = PBXFileReference; lastKnownFileType = sourcecode.swift; path = searchApp.swift; sourceTree = "<group>"; };
		95B6EB5B25E576200051AEA9 /* ContentView.swift */ = {isa = PBXFileReference; lastKnownFileType = sourcecode.swift; path = ContentView.swift; sourceTree = "<group>"; };
		95B6EB5D25E576220051AEA9 /* Assets.xcassets */ = {isa = PBXFileReference; lastKnownFileType = folder.assetcatalog; path = Assets.xcassets; sourceTree = "<group>"; };
		95B6EB6025E576220051AEA9 /* Preview Assets.xcassets */ = {isa = PBXFileReference; lastKnownFileType = folder.assetcatalog; path = "Preview Assets.xcassets"; sourceTree = "<group>"; };
		95B6EB6225E576220051AEA9 /* Info.plist */ = {isa = PBXFileReference; lastKnownFileType = text.plist.xml; path = Info.plist; sourceTree = "<group>"; };
		95B6EB6925E58B4E0051AEA9 /* Model.swift */ = {isa = PBXFileReference; lastKnownFileType = sourcecode.swift; path = Model.swift; sourceTree = "<group>"; };
		95B6EB6C25E5FE810051AEA9 /* ApiClient.swift */ = {isa = PBXFileReference; lastKnownFileType = sourcecode.swift; path = ApiClient.swift; sourceTree = "<group>"; };
		95B6EB6F25E5FFB40051AEA9 /* SearchAPI.swift */ = {isa = PBXFileReference; lastKnownFileType = sourcecode.swift; path = SearchAPI.swift; sourceTree = "<group>"; };
		95B6EB7425E6DA070051AEA9 /* ViewModel.swift */ = {isa = PBXFileReference; lastKnownFileType = sourcecode.swift; path = ViewModel.swift; sourceTree = "<group>"; };
		95B6EBA725E7CE850051AEA9 /* DetailView.swift */ = {isa = PBXFileReference; lastKnownFileType = sourcecode.swift; path = DetailView.swift; sourceTree = "<group>"; };
/* End PBXFileReference section */

/* Begin PBXFrameworksBuildPhase section */
		95B6EB5325E576200051AEA9 /* Frameworks */ = {
			isa = PBXFrameworksBuildPhase;
			buildActionMask = 2147483647;
			files = (
			);
			runOnlyForDeploymentPostprocessing = 0;
		};
/* End PBXFrameworksBuildPhase section */

/* Begin PBXGroup section */
		95B6EB4D25E576200051AEA9 = {
			isa = PBXGroup;
			children = (
				95B6EB5825E576200051AEA9 /* searchApp */,
				95B6EB5725E576200051AEA9 /* Products */,
			);
			sourceTree = "<group>";
		};
		95B6EB5725E576200051AEA9 /* Products */ = {
			isa = PBXGroup;
			children = (
				95B6EB5625E576200051AEA9 /* searchApp.app */,
			);
			name = Products;
			sourceTree = "<group>";
		};
		95B6EB5825E576200051AEA9 /* searchApp */ = {
			isa = PBXGroup;
			children = (
				95B6EB5925E576200051AEA9 /* searchApp.swift */,
				95B6EBAD25E892F80051AEA9 /* Model */,
				95B6EBAE25E893060051AEA9 /* ViewModel */,
				95B6EBAA25E7CE9F0051AEA9 /* Views */,
				95B6EB6C25E5FE810051AEA9 /* ApiClient.swift */,
				95B6EB5D25E576220051AEA9 /* Assets.xcassets */,
				95B6EB6225E576220051AEA9 /* Info.plist */,
				95B6EB5F25E576220051AEA9 /* Preview Content */,
			);
			path = searchApp;
			sourceTree = "<group>";
		};
		95B6EB5F25E576220051AEA9 /* Preview Content */ = {
			isa = PBXGroup;
			children = (
				95B6EB6025E576220051AEA9 /* Preview Assets.xcassets */,
			);
			path = "Preview Content";
			sourceTree = "<group>";
		};
		95B6EBAA25E7CE9F0051AEA9 /* Views */ = {
			isa = PBXGroup;
			children = (
				95B6EB5B25E576200051AEA9 /* ContentView.swift */,
				95B6EBA725E7CE850051AEA9 /* DetailView.swift */,
			);
			path = Views;
			sourceTree = "<group>";
		};
		95B6EBAD25E892F80051AEA9 /* Model */ = {
			isa = PBXGroup;
			children = (
				95B6EB6925E58B4E0051AEA9 /* Model.swift */,
				95B6EB6F25E5FFB40051AEA9 /* SearchAPI.swift */,
			);
			path = Model;
			sourceTree = "<group>";
		};
		95B6EBAE25E893060051AEA9 /* ViewModel */ = {
			isa = PBXGroup;
			children = (
				95B6EB7425E6DA070051AEA9 /* ViewModel.swift */,
			);
			path = ViewModel;
			sourceTree = "<group>";
		};
/* End PBXGroup section */

/* Begin PBXNativeTarget section */
		95B6EB5525E576200051AEA9 /* searchApp */ = {
			isa = PBXNativeTarget;
			buildConfigurationList = 95B6EB6525E576220051AEA9 /* Build configuration list for PBXNativeTarget "searchApp" */;
			buildPhases = (
				95B6EB5225E576200051AEA9 /* Sources */,
				95B6EB5325E576200051AEA9 /* Frameworks */,
				95B6EB5425E576200051AEA9 /* Resources */,
			);
			buildRules = (
			);
			dependencies = (
			);
			name = searchApp;
			productName = searchApp;
			productReference = 95B6EB5625E576200051AEA9 /* searchApp.app */;
			productType = "com.apple.product-type.application";
		};
/* End PBXNativeTarget section */

/* Begin PBXProject section */
		95B6EB4E25E576200051AEA9 /* Project object */ = {
			isa = PBXProject;
			attributes = {
				LastSwiftUpdateCheck = 1230;
				LastUpgradeCheck = 1230;
				TargetAttributes = {
					95B6EB5525E576200051AEA9 = {
						CreatedOnToolsVersion = 12.3;
					};
				};
			};
			buildConfigurationList = 95B6EB5125E576200051AEA9 /* Build configuration list for PBXProject "searchApp" */;
			compatibilityVersion = "Xcode 9.3";
			developmentRegion = en;
			hasScannedForEncodings = 0;
			knownRegions = (
				en,
				Base,
			);
			mainGroup = 95B6EB4D25E576200051AEA9;
			productRefGroup = 95B6EB5725E576200051AEA9 /* Products */;
			projectDirPath = "";
			projectRoot = "";
			targets = (
				95B6EB5525E576200051AEA9 /* searchApp */,
			);
		};
/* End PBXProject section */

/* Begin PBXResourcesBuildPhase section */
		95B6EB5425E576200051AEA9 /* Resources */ = {
			isa = PBXResourcesBuildPhase;
			buildActionMask = 2147483647;
			files = (
				95B6EB6125E576220051AEA9 /* Preview Assets.xcassets in Resources */,
				95B6EB5E25E576220051AEA9 /* Assets.xcassets in Resources */,
			);
			runOnlyForDeploymentPostprocessing = 0;
		};
/* End PBXResourcesBuildPhase section */

/* Begin PBXSourcesBuildPhase section */
		95B6EB5225E576200051AEA9 /* Sources */ = {
			isa = PBXSourcesBuildPhase;
			buildActionMask = 2147483647;
			files = (
				95B6EB7025E5FFB40051AEA9 /* SearchAPI.swift in Sources */,
				95B6EB6A25E58B4E0051AEA9 /* Model.swift in Sources */,
				95B6EB5C25E576200051AEA9 /* ContentView.swift in Sources */,
				95B6EBA825E7CE850051AEA9 /* DetailView.swift in Sources */,
				95B6EB5A25E576200051AEA9 /* searchApp.swift in Sources */,
				95B6EB7525E6DA070051AEA9 /* ViewModel.swift in Sources */,
				95B6EB6D25E5FE810051AEA9 /* ApiClient.swift in Sources */,
			);
			runOnlyForDeploymentPostprocessing = 0;
		};
/* End PBXSourcesBuildPhase section */

/* Begin XCBuildConfiguration section */
		95B6EB6325E576220051AEA9 /* Debug */ = {
			isa = XCBuildConfiguration;
			buildSettings = {
				ALWAYS_SEARCH_USER_PATHS = NO;
				CLANG_ANALYZER_NONNULL = YES;
				CLANG_ANALYZER_NUMBER_OBJECT_CONVERSION = YES_AGGRESSIVE;
				CLANG_CXX_LANGUAGE_STANDARD = "gnu++14";
				CLANG_CXX_LIBRARY = "libc++";
				CLANG_ENABLE_MODULES = YES;
				CLANG_ENABLE_OBJC_ARC = YES;
				CLANG_ENABLE_OBJC_WEAK = YES;
				CLANG_WARN_BLOCK_CAPTURE_AUTORELEASING = YES;
				CLANG_WARN_BOOL_CONVERSION = YES;
				CLANG_WARN_COMMA = YES;
				CLANG_WARN_CONSTANT_CONVERSION = YES;
				CLANG_WARN_DEPRECATED_OBJC_IMPLEMENTATIONS = YES;
				CLANG_WARN_DIRECT_OBJC_ISA_USAGE = YES_ERROR;
				CLANG_WARN_DOCUMENTATION_COMMENTS = YES;
				CLANG_WARN_EMPTY_BODY = YES;
				CLANG_WARN_ENUM_CONVERSION = YES;
				CLANG_WARN_INFINITE_RECURSION = YES;
				CLANG_WARN_INT_CONVERSION = YES;
				CLANG_WARN_NON_LITERAL_NULL_CONVERSION = YES;
				CLANG_WARN_OBJC_IMPLICIT_RETAIN_SELF = YES;
				CLANG_WARN_OBJC_LITERAL_CONVERSION = YES;
				CLANG_WARN_OBJC_ROOT_CLASS = YES_ERROR;
				CLANG_WARN_QUOTED_INCLUDE_IN_FRAMEWORK_HEADER = YES;
				CLANG_WARN_RANGE_LOOP_ANALYSIS = YES;
				CLANG_WARN_STRICT_PROTOTYPES = YES;
				CLANG_WARN_SUSPICIOUS_MOVE = YES;
				CLANG_WARN_UNGUARDED_AVAILABILITY = YES_AGGRESSIVE;
				CLANG_WARN_UNREACHABLE_CODE = YES;
				CLANG_WARN__DUPLICATE_METHOD_MATCH = YES;
				COPY_PHASE_STRIP = NO;
				DEBUG_INFORMATION_FORMAT = dwarf;
				ENABLE_STRICT_OBJC_MSGSEND = YES;
				ENABLE_TESTABILITY = YES;
				GCC_C_LANGUAGE_STANDARD = gnu11;
				GCC_DYNAMIC_NO_PIC = NO;
				GCC_NO_COMMON_BLOCKS = YES;
				GCC_OPTIMIZATION_LEVEL = 0;
				GCC_PREPROCESSOR_DEFINITIONS = (
					"DEBUG=1",
					"$(inherited)",
				);
				GCC_WARN_64_TO_32_BIT_CONVERSION = YES;
				GCC_WARN_ABOUT_RETURN_TYPE = YES_ERROR;
				GCC_WARN_UNDECLARED_SELECTOR = YES;
				GCC_WARN_UNINITIALIZED_AUTOS = YES_AGGRESSIVE;
				GCC_WARN_UNUSED_FUNCTION = YES;
				GCC_WARN_UNUSED_VARIABLE = YES;
				IPHONEOS_DEPLOYMENT_TARGET = 14.3;
				MTL_ENABLE_DEBUG_INFO = INCLUDE_SOURCE;
				MTL_FAST_MATH = YES;
				ONLY_ACTIVE_ARCH = YES;
				SDKROOT = iphoneos;
				SWIFT_ACTIVE_COMPILATION_CONDITIONS = DEBUG;
				SWIFT_OPTIMIZATION_LEVEL = "-Onone";
			};
			name = Debug;
		};
		95B6EB6425E576220051AEA9 /* Release */ = {
			isa = XCBuildConfiguration;
			buildSettings = {
				ALWAYS_SEARCH_USER_PATHS = NO;
				CLANG_ANALYZER_NONNULL = YES;
				CLANG_ANALYZER_NUMBER_OBJECT_CONVERSION = YES_AGGRESSIVE;
				CLANG_CXX_LANGUAGE_STANDARD = "gnu++14";
				CLANG_CXX_LIBRARY = "libc++";
				CLANG_ENABLE_MODULES = YES;
				CLANG_ENABLE_OBJC_ARC = YES;
				CLANG_ENABLE_OBJC_WEAK = YES;
				CLANG_WARN_BLOCK_CAPTURE_AUTORELEASING = YES;
				CLANG_WARN_BOOL_CONVERSION = YES;
				CLANG_WARN_COMMA = YES;
				CLANG_WARN_CONSTANT_CONVERSION = YES;
				CLANG_WARN_DEPRECATED_OBJC_IMPLEMENTATIONS = YES;
				CLANG_WARN_DIRECT_OBJC_ISA_USAGE = YES_ERROR;
				CLANG_WARN_DOCUMENTATION_COMMENTS = YES;
				CLANG_WARN_EMPTY_BODY = YES;
				CLANG_WARN_ENUM_CONVERSION = YES;
				CLANG_WARN_INFINITE_RECURSION = YES;
				CLANG_WARN_INT_CONVERSION = YES;
				CLANG_WARN_NON_LITERAL_NULL_CONVERSION = YES;
				CLANG_WARN_OBJC_IMPLICIT_RETAIN_SELF = YES;
				CLANG_WARN_OBJC_LITERAL_CONVERSION = YES;
				CLANG_WARN_OBJC_ROOT_CLASS = YES_ERROR;
				CLANG_WARN_QUOTED_INCLUDE_IN_FRAMEWORK_HEADER = YES;
				CLANG_WARN_RANGE_LOOP_ANALYSIS = YES;
				CLANG_WARN_STRICT_PROTOTYPES = YES;
				CLANG_WARN_SUSPICIOUS_MOVE = YES;
				CLANG_WARN_UNGUARDED_AVAILABILITY = YES_AGGRESSIVE;
				CLANG_WARN_UNREACHABLE_CODE = YES;
				CLANG_WARN__DUPLICATE_METHOD_MATCH = YES;
				COPY_PHASE_STRIP = NO;
				DEBUG_INFORMATION_FORMAT = "dwarf-with-dsym";
				ENABLE_NS_ASSERTIONS = NO;
				ENABLE_STRICT_OBJC_MSGSEND = YES;
				GCC_C_LANGUAGE_STANDARD = gnu11;
				GCC_NO_COMMON_BLOCKS = YES;
				GCC_WARN_64_TO_32_BIT_CONVERSION = YES;
				GCC_WARN_ABOUT_RETURN_TYPE = YES_ERROR;
				GCC_WARN_UNDECLARED_SELECTOR = YES;
				GCC_WARN_UNINITIALIZED_AUTOS = YES_AGGRESSIVE;
				GCC_WARN_UNUSED_FUNCTION = YES;
				GCC_WARN_UNUSED_VARIABLE = YES;
				IPHONEOS_DEPLOYMENT_TARGET = 14.3;
				MTL_ENABLE_DEBUG_INFO = NO;
				MTL_FAST_MATH = YES;
				SDKROOT = iphoneos;
				SWIFT_COMPILATION_MODE = wholemodule;
				SWIFT_OPTIMIZATION_LEVEL = "-O";
				VALIDATE_PRODUCT = YES;
			};
			name = Release;
		};
		95B6EB6625E576220051AEA9 /* Debug */ = {
			isa = XCBuildConfiguration;
			buildSettings = {
				ASSETCATALOG_COMPILER_APPICON_NAME = AppIcon;
				ASSETCATALOG_COMPILER_GLOBAL_ACCENT_COLOR_NAME = AccentColor;
				CODE_SIGN_STYLE = Automatic;
				DEVELOPMENT_ASSET_PATHS = "\"searchApp/Preview Content\"";
				DEVELOPMENT_TEAM = 35QCASCU5D;
				ENABLE_PREVIEWS = YES;
				INFOPLIST_FILE = searchApp/Info.plist;
				IPHONEOS_DEPLOYMENT_TARGET = 14.0;
				LD_RUNPATH_SEARCH_PATHS = (
					"$(inherited)",
					"@executable_path/Frameworks",
				);
				PRODUCT_BUNDLE_IDENTIFIER = com.searchApp;
				PRODUCT_NAME = "$(TARGET_NAME)";
				SWIFT_VERSION = 5.0;
				TARGETED_DEVICE_FAMILY = "1,2";
			};
			name = Debug;
		};
		95B6EB6725E576220051AEA9 /* Release */ = {
			isa = XCBuildConfiguration;
			buildSettings = {
				ASSETCATALOG_COMPILER_APPICON_NAME = AppIcon;
				ASSETCATALOG_COMPILER_GLOBAL_ACCENT_COLOR_NAME = AccentColor;
				CODE_SIGN_STYLE = Automatic;
				DEVELOPMENT_ASSET_PATHS = "\"searchApp/Preview Content\"";
				DEVELOPMENT_TEAM = 35QCASCU5D;
				ENABLE_PREVIEWS = YES;
				INFOPLIST_FILE = searchApp/Info.plist;
				IPHONEOS_DEPLOYMENT_TARGET = 14.0;
				LD_RUNPATH_SEARCH_PATHS = (
					"$(inherited)",
					"@executable_path/Frameworks",
				);
				PRODUCT_BUNDLE_IDENTIFIER = com.searchApp;
				PRODUCT_NAME = "$(TARGET_NAME)";
				SWIFT_VERSION = 5.0;
				TARGETED_DEVICE_FAMILY = "1,2";
			};
			name = Release;
		};
/* End XCBuildConfiguration section */

/* Begin XCConfigurationList section */
		95B6EB5125E576200051AEA9 /* Build configuration list for PBXProject "searchApp" */ = {
			isa = XCConfigurationList;
			buildConfigurations = (
				95B6EB6325E576220051AEA9 /* Debug */,
				95B6EB6425E576220051AEA9 /* Release */,
			);
			defaultConfigurationIsVisible = 0;
			defaultConfigurationName = Release;
		};
		95B6EB6525E576220051AEA9 /* Build configuration list for PBXNativeTarget "searchApp" */ = {
			isa = XCConfigurationList;
			buildConfigurations = (
				95B6EB6625E576220051AEA9 /* Debug */,
				95B6EB6725E576220051AEA9 /* Release */,
			);
			defaultConfigurationIsVisible = 0;
			defaultConfigurationName = Release;
		};
/* End XCConfigurationList section */
	};
	rootObject = 95B6EB4E25E576200051AEA9 /* Project object */;
}
